
Microsoft Visual Studio Solution File, Format Version 12.00
# Visual Studio 2013
VisualStudioVersion = 12.0.21005.1
MinimumVisualStudioVersion = 10.0.40219.1
Project("{8BC9CEB8-8B4A-11D0-8D11-00A0C91BC942}") = "155-12", "155-12\155-12.vcxproj", "{86AEE2C8-8FC3-4515-B1A1-C700C06C97DF}"
EndProject
Project("{8BC9CEB8-8B4A-11D0-8D11-00A0C91BC942}") = "155-13", "155-13\155-13.vcxproj", "{686A9426-F370-4BDC-BC4B-12CBC3ADC484}"
EndProject
Project("{8BC9CEB8-8B4A-11D0-8D11-00A0C91BC942}") = "155-14", "155-14\155-14.vcxproj", "{0B7D9271-2B09-4529-BC26-AA6FFAFBA129}"
EndProject
Project("{8BC9CEB8-8B4A-11D0-8D11-00A0C91BC942}") = "155-15", "155-15\155-15.vcxproj", "{333AC966-5BAA-4E48-95F4-9CB2F0D1E1BF}"
EndProject
Project("{8BC9CEB8-8B4A-11D0-8D11-00A0C91BC942}") = "156-16", "156-16\156-16.vcxproj", "{88A50F17-05BD-4BF7-AD29-9845713A4211}"
EndProject
Project("{8BC9CEB8-8B4A-11D0-8D11-00A0C91BC942}") = "185-3", "185-3\185-3.vcxproj", "{EA69BD6B-05BD-4BA7-8DE8-FCFB3A918EBF}"
EndProject
Project("{8BC9CEB8-8B4A-11D0-8D11-00A0C91BC942}") = "185-4", "185-4\185-4.vcxproj", "{E0CB9B33-7069-4434-85D9-7C642CC87D3D}"
EndProject
Project("{8BC9CEB8-8B4A-11D0-8D11-00A0C91BC942}") = "185-5", "185-5\185-5.vcxproj", "{39EAE4D4-17C9-4E9A-8539-B2079EE4B841}"
EndProject
Global
	GlobalSection(SolutionConfigurationPlatforms) = preSolution
		Debug|Win32 = Debug|Win32
		Release|Win32 = Release|Win32
	EndGlobalSection
	GlobalSection(ProjectConfigurationPlatforms) = postSolution
		{86AEE2C8-8FC3-4515-B1A1-C700C06C97DF}.Debug|Win32.ActiveCfg = Debug|Win32
		{86AEE2C8-8FC3-4515-B1A1-C700C06C97DF}.Debug|Win32.Build.0 = Debug|Win32
		{86AEE2C8-8FC3-4515-B1A1-C700C06C97DF}.Release|Win32.ActiveCfg = Release|Win32
		{86AEE2C8-8FC3-4515-B1A1-C700C06C97DF}.Release|Win32.Build.0 = Release|Win32
		{686A9426-F370-4BDC-BC4B-12CBC3ADC484}.Debug|Win32.ActiveCfg = Debug|Win32
		{686A9426-F370-4BDC-BC4B-12CBC3ADC484}.Debug|Win32.Build.0 = Debug|Win32
		{686A9426-F370-4BDC-BC4B-12CBC3ADC484}.Release|Win32.ActiveCfg = Release|Win32
		{686A9426-F370-4BDC-BC4B-12CBC3ADC484}.Release|Win32.Build.0 = Release|Win32
		{0B7D9271-2B09-4529-BC26-AA6FFAFBA129}.Debug|Win32.ActiveCfg = Debug|Win32
		{0B7D9271-2B09-4529-BC26-AA6FFAFBA129}.Debug|Win32.Build.0 = Debug|Win32
		{0B7D9271-2B09-4529-BC26-AA6FFAFBA129}.Release|Win32.ActiveCfg = Release|Win32
		{0B7D9271-2B09-4529-BC26-AA6FFAFBA129}.Release|Win32.Build.0 = Release|Win32
		{333AC966-5BAA-4E48-95F4-9CB2F0D1E1BF}.Debug|Win32.ActiveCfg = Debug|Win32
		{333AC966-5BAA-4E48-95F4-9CB2F0D1E1BF}.Debug|Win32.Build.0 = Debug|Win32
		{333AC966-5BAA-4E48-95F4-9CB2F0D1E1BF}.Release|Win32.ActiveCfg = Release|Win32
		{333AC966-5BAA-4E48-95F4-9CB2F0D1E1BF}.Release|Win32.Build.0 = Release|Win32
		{88A50F17-05BD-4BF7-AD29-9845713A4211}.Debug|Win32.ActiveCfg = Debug|Win32
		{88A50F17-05BD-4BF7-AD29-9845713A4211}.Debug|Win32.Build.0 = Debug|Win32
		{88A50F17-05BD-4BF7-AD29-9845713A4211}.Release|Win32.ActiveCfg = Release|Win32
		{88A50F17-05BD-4BF7-AD29-9845713A4211}.Release|Win32.Build.0 = Release|Win32
		{EA69BD6B-05BD-4BA7-8DE8-FCFB3A918EBF}.Debug|Win32.ActiveCfg = Debug|Win32
		{EA69BD6B-05BD-4BA7-8DE8-FCFB3A918EBF}.Debug|Win32.Build.0 = Debug|Win32
		{EA69BD6B-05BD-4BA7-8DE8-FCFB3A918EBF}.Release|Win32.ActiveCfg = Release|Win32
		{EA69BD6B-05BD-4BA7-8DE8-FCFB3A918EBF}.Release|Win32.Build.0 = Release|Win32
		{E0CB9B33-7069-4434-85D9-7C642CC87D3D}.Debug|Win32.ActiveCfg = Debug|Win32
		{E0CB9B33-7069-4434-85D9-7C642CC87D3D}.Debug|Win32.Build.0 = Debug|Win32
		{E0CB9B33-7069-4434-85D9-7C642CC87D3D}.Release|Win32.ActiveCfg = Release|Win32
		{E0CB9B33-7069-4434-85D9-7C642CC87D3D}.Release|Win32.Build.0 = Release|Win32
		{39EAE4D4-17C9-4E9A-8539-B2079EE4B841}.Debug|Win32.ActiveCfg = Debug|Win32
		{39EAE4D4-17C9-4E9A-8539-B2079EE4B841}.Debug|Win32.Build.0 = Debug|Win32
		{39EAE4D4-17C9-4E9A-8539-B2079EE4B841}.Release|Win32.ActiveCfg = Release|Win32
		{39EAE4D4-17C9-4E9A-8539-B2079EE4B841}.Release|Win32.Build.0 = Release|Win32
	EndGlobalSection
	GlobalSection(SolutionProperties) = preSolution
		HideSolutionNode = FALSE
	EndGlobalSection
EndGlobal
