
Microsoft Visual Studio Solution File, Format Version 12.00
# Visual Studio 2013
VisualStudioVersion = 12.0.21005.1
MinimumVisualStudioVersion = 10.0.40219.1
Project("{8BC9CEB8-8B4A-11D0-8D11-00A0C91BC942}") = "5", "第四次上机\第四次上机.vcxproj", "{5B3964CB-8C69-49E5-828C-49D2DDAF7F1F}"
EndProject
Project("{8BC9CEB8-8B4A-11D0-8D11-00A0C91BC942}") = "6", "6\6.vcxproj", "{FEA10F83-1559-43C0-8003-876567549063}"
EndProject
Project("{8BC9CEB8-8B4A-11D0-8D11-00A0C91BC942}") = "7", "7\7.vcxproj", "{B48E7991-CDAB-4BC6-A163-D2532FBBC742}"
EndProject
Project("{8BC9CEB8-8B4A-11D0-8D11-00A0C91BC942}") = "前中构造", "前中构造\前中构造.vcxproj", "{D1A62048-EE0E-4A89-8519-8DD9C0C4302E}"
EndProject
Project("{8BC9CEB8-8B4A-11D0-8D11-00A0C91BC942}") = "后中构造", "后中构造\后中构造.vcxproj", "{AC65E27B-E547-436B-BDF8-C1A5D0A2FBB2}"
EndProject
Project("{8BC9CEB8-8B4A-11D0-8D11-00A0C91BC942}") = "二叉搜索树", "二叉搜索树\二叉搜索树.vcxproj", "{1DF629C5-7465-4D8F-8708-A7457A958DE6}"
EndProject
Global
	GlobalSection(SolutionConfigurationPlatforms) = preSolution
		Debug|Win32 = Debug|Win32
		Release|Win32 = Release|Win32
	EndGlobalSection
	GlobalSection(ProjectConfigurationPlatforms) = postSolution
		{5B3964CB-8C69-49E5-828C-49D2DDAF7F1F}.Debug|Win32.ActiveCfg = Debug|Win32
		{5B3964CB-8C69-49E5-828C-49D2DDAF7F1F}.Debug|Win32.Build.0 = Debug|Win32
		{5B3964CB-8C69-49E5-828C-49D2DDAF7F1F}.Release|Win32.ActiveCfg = Release|Win32
		{5B3964CB-8C69-49E5-828C-49D2DDAF7F1F}.Release|Win32.Build.0 = Release|Win32
		{FEA10F83-1559-43C0-8003-876567549063}.Debug|Win32.ActiveCfg = Debug|Win32
		{FEA10F83-1559-43C0-8003-876567549063}.Debug|Win32.Build.0 = Debug|Win32
		{FEA10F83-1559-43C0-8003-876567549063}.Release|Win32.ActiveCfg = Release|Win32
		{FEA10F83-1559-43C0-8003-876567549063}.Release|Win32.Build.0 = Release|Win32
		{B48E7991-CDAB-4BC6-A163-D2532FBBC742}.Debug|Win32.ActiveCfg = Debug|Win32
		{B48E7991-CDAB-4BC6-A163-D2532FBBC742}.Debug|Win32.Build.0 = Debug|Win32
		{B48E7991-CDAB-4BC6-A163-D2532FBBC742}.Release|Win32.ActiveCfg = Release|Win32
		{B48E7991-CDAB-4BC6-A163-D2532FBBC742}.Release|Win32.Build.0 = Release|Win32
		{D1A62048-EE0E-4A89-8519-8DD9C0C4302E}.Debug|Win32.ActiveCfg = Debug|Win32
		{D1A62048-EE0E-4A89-8519-8DD9C0C4302E}.Debug|Win32.Build.0 = Debug|Win32
		{D1A62048-EE0E-4A89-8519-8DD9C0C4302E}.Release|Win32.ActiveCfg = Release|Win32
		{D1A62048-EE0E-4A89-8519-8DD9C0C4302E}.Release|Win32.Build.0 = Release|Win32
		{AC65E27B-E547-436B-BDF8-C1A5D0A2FBB2}.Debug|Win32.ActiveCfg = Debug|Win32
		{AC65E27B-E547-436B-BDF8-C1A5D0A2FBB2}.Debug|Win32.Build.0 = Debug|Win32
		{AC65E27B-E547-436B-BDF8-C1A5D0A2FBB2}.Release|Win32.ActiveCfg = Release|Win32
		{AC65E27B-E547-436B-BDF8-C1A5D0A2FBB2}.Release|Win32.Build.0 = Release|Win32
		{1DF629C5-7465-4D8F-8708-A7457A958DE6}.Debug|Win32.ActiveCfg = Debug|Win32
		{1DF629C5-7465-4D8F-8708-A7457A958DE6}.Debug|Win32.Build.0 = Debug|Win32
		{1DF629C5-7465-4D8F-8708-A7457A958DE6}.Release|Win32.ActiveCfg = Release|Win32
		{1DF629C5-7465-4D8F-8708-A7457A958DE6}.Release|Win32.Build.0 = Release|Win32
	EndGlobalSection
	GlobalSection(SolutionProperties) = preSolution
		HideSolutionNode = FALSE
	EndGlobalSection
EndGlobal
