
Microsoft Visual Studio Solution File, Format Version 12.00
# Visual Studio 2013
VisualStudioVersion = 12.0.21005.1
MinimumVisualStudioVersion = 10.0.40219.1
Project("{8BC9CEB8-8B4A-11D0-8D11-00A0C91BC942}") = "228-4", "ConsoleApplication1\ConsoleApplication1.vcxproj", "{BF0AEDA9-1983-4F56-AE23-86D41304F0E5}"
EndProject
Project("{8BC9CEB8-8B4A-11D0-8D11-00A0C91BC942}") = "228-6", "228-6\228-6.vcxproj", "{E38EED7E-1874-4D3F-9A5B-259FABF7C330}"
EndProject
Project("{8BC9CEB8-8B4A-11D0-8D11-00A0C91BC942}") = "288-7", "288-7\288-7.vcxproj", "{E8E45852-EBD4-43FF-B292-562A64CFC1F9}"
EndProject
Project("{8BC9CEB8-8B4A-11D0-8D11-00A0C91BC942}") = "228-9", "228-9\228-9.vcxproj", "{E06DC954-DA3B-4F2B-B918-D34E94E460EB}"
EndProject
Project("{8BC9CEB8-8B4A-11D0-8D11-00A0C91BC942}") = "228-10", "228-10\228-10.vcxproj", "{DB815D6B-188B-4DCF-B090-E8023FAEFCAA}"
EndProject
Project("{8BC9CEB8-8B4A-11D0-8D11-00A0C91BC942}") = "228-11", "228-11\228-11.vcxproj", "{0604AFF8-85EA-4DC9-AA7B-5C7F57B277E7}"
EndProject
Project("{8BC9CEB8-8B4A-11D0-8D11-00A0C91BC942}") = "228-12", "228-12\228-12.vcxproj", "{F2E0886B-B3D4-4E88-95D7-261BB20E22B3}"
EndProject
Project("{8BC9CEB8-8B4A-11D0-8D11-00A0C91BC942}") = "228-13", "228-13\228-13.vcxproj", "{B7B86D92-9899-48C8-8388-EE8E9F7D987E}"
EndProject
Project("{8BC9CEB8-8B4A-11D0-8D11-00A0C91BC942}") = "228-14", "228-14\228-14.vcxproj", "{A508F927-C37C-4FC4-99B1-D0CA8F355E47}"
EndProject
Global
	GlobalSection(SolutionConfigurationPlatforms) = preSolution
		Debug|Win32 = Debug|Win32
		Release|Win32 = Release|Win32
	EndGlobalSection
	GlobalSection(ProjectConfigurationPlatforms) = postSolution
		{BF0AEDA9-1983-4F56-AE23-86D41304F0E5}.Debug|Win32.ActiveCfg = Debug|Win32
		{BF0AEDA9-1983-4F56-AE23-86D41304F0E5}.Debug|Win32.Build.0 = Debug|Win32
		{BF0AEDA9-1983-4F56-AE23-86D41304F0E5}.Release|Win32.ActiveCfg = Release|Win32
		{BF0AEDA9-1983-4F56-AE23-86D41304F0E5}.Release|Win32.Build.0 = Release|Win32
		{E38EED7E-1874-4D3F-9A5B-259FABF7C330}.Debug|Win32.ActiveCfg = Debug|Win32
		{E38EED7E-1874-4D3F-9A5B-259FABF7C330}.Debug|Win32.Build.0 = Debug|Win32
		{E38EED7E-1874-4D3F-9A5B-259FABF7C330}.Release|Win32.ActiveCfg = Release|Win32
		{E38EED7E-1874-4D3F-9A5B-259FABF7C330}.Release|Win32.Build.0 = Release|Win32
		{E8E45852-EBD4-43FF-B292-562A64CFC1F9}.Debug|Win32.ActiveCfg = Debug|Win32
		{E8E45852-EBD4-43FF-B292-562A64CFC1F9}.Debug|Win32.Build.0 = Debug|Win32
		{E8E45852-EBD4-43FF-B292-562A64CFC1F9}.Release|Win32.ActiveCfg = Release|Win32
		{E8E45852-EBD4-43FF-B292-562A64CFC1F9}.Release|Win32.Build.0 = Release|Win32
		{E06DC954-DA3B-4F2B-B918-D34E94E460EB}.Debug|Win32.ActiveCfg = Debug|Win32
		{E06DC954-DA3B-4F2B-B918-D34E94E460EB}.Debug|Win32.Build.0 = Debug|Win32
		{E06DC954-DA3B-4F2B-B918-D34E94E460EB}.Release|Win32.ActiveCfg = Release|Win32
		{E06DC954-DA3B-4F2B-B918-D34E94E460EB}.Release|Win32.Build.0 = Release|Win32
		{DB815D6B-188B-4DCF-B090-E8023FAEFCAA}.Debug|Win32.ActiveCfg = Debug|Win32
		{DB815D6B-188B-4DCF-B090-E8023FAEFCAA}.Debug|Win32.Build.0 = Debug|Win32
		{DB815D6B-188B-4DCF-B090-E8023FAEFCAA}.Release|Win32.ActiveCfg = Release|Win32
		{DB815D6B-188B-4DCF-B090-E8023FAEFCAA}.Release|Win32.Build.0 = Release|Win32
		{0604AFF8-85EA-4DC9-AA7B-5C7F57B277E7}.Debug|Win32.ActiveCfg = Debug|Win32
		{0604AFF8-85EA-4DC9-AA7B-5C7F57B277E7}.Debug|Win32.Build.0 = Debug|Win32
		{0604AFF8-85EA-4DC9-AA7B-5C7F57B277E7}.Release|Win32.ActiveCfg = Release|Win32
		{0604AFF8-85EA-4DC9-AA7B-5C7F57B277E7}.Release|Win32.Build.0 = Release|Win32
		{F2E0886B-B3D4-4E88-95D7-261BB20E22B3}.Debug|Win32.ActiveCfg = Debug|Win32
		{F2E0886B-B3D4-4E88-95D7-261BB20E22B3}.Debug|Win32.Build.0 = Debug|Win32
		{F2E0886B-B3D4-4E88-95D7-261BB20E22B3}.Release|Win32.ActiveCfg = Release|Win32
		{F2E0886B-B3D4-4E88-95D7-261BB20E22B3}.Release|Win32.Build.0 = Release|Win32
		{B7B86D92-9899-48C8-8388-EE8E9F7D987E}.Debug|Win32.ActiveCfg = Debug|Win32
		{B7B86D92-9899-48C8-8388-EE8E9F7D987E}.Debug|Win32.Build.0 = Debug|Win32
		{B7B86D92-9899-48C8-8388-EE8E9F7D987E}.Release|Win32.ActiveCfg = Release|Win32
		{B7B86D92-9899-48C8-8388-EE8E9F7D987E}.Release|Win32.Build.0 = Release|Win32
		{A508F927-C37C-4FC4-99B1-D0CA8F355E47}.Debug|Win32.ActiveCfg = Debug|Win32
		{A508F927-C37C-4FC4-99B1-D0CA8F355E47}.Debug|Win32.Build.0 = Debug|Win32
		{A508F927-C37C-4FC4-99B1-D0CA8F355E47}.Release|Win32.ActiveCfg = Release|Win32
		{A508F927-C37C-4FC4-99B1-D0CA8F355E47}.Release|Win32.Build.0 = Release|Win32
	EndGlobalSection
	GlobalSection(SolutionProperties) = preSolution
		HideSolutionNode = FALSE
	EndGlobalSection
EndGlobal
