
Microsoft Visual Studio Solution File, Format Version 12.00
# Visual Studio 2013
VisualStudioVersion = 12.0.21005.1
MinimumVisualStudioVersion = 10.0.40219.1
Project("{8BC9CEB8-8B4A-11D0-8D11-00A0C91BC942}") = "欢乐五子棋服务端", "欢乐五子棋服务端\欢乐五子棋服务端.vcxproj", "{63DF6C62-2711-42C7-8C19-171732C53954}"
EndProject
Global
	GlobalSection(SolutionConfigurationPlatforms) = preSolution
		Debug|Win32 = Debug|Win32
		Release|Win32 = Release|Win32
	EndGlobalSection
	GlobalSection(ProjectConfigurationPlatforms) = postSolution
		{63DF6C62-2711-42C7-8C19-171732C53954}.Debug|Win32.ActiveCfg = Debug|Win32
		{63DF6C62-2711-42C7-8C19-171732C53954}.Debug|Win32.Build.0 = Debug|Win32
		{63DF6C62-2711-42C7-8C19-171732C53954}.Release|Win32.ActiveCfg = Release|Win32
		{63DF6C62-2711-42C7-8C19-171732C53954}.Release|Win32.Build.0 = Release|Win32
	EndGlobalSection
	GlobalSection(SolutionProperties) = preSolution
		HideSolutionNode = FALSE
	EndGlobalSection
EndGlobal
